// !$*UTF8*$!
{
	archiveVersion = 1;
	classes = {
	};
	objectVersion = 50;
	objects = {

/* Begin PBXBuildFile section */
		D5E134872574EADA00A2AEF5 /* AppDelegate.m in Sources */ = {isa = PBXBuildFile; fileRef = D5E134862574EADA00A2AEF5 /* AppDelegate.m */; };
		D5E1348A2574EADA00A2AEF5 /* SceneDelegate.m in Sources */ = {isa = PBXBuildFile; fileRef = D5E134892574EADA00A2AEF5 /* SceneDelegate.m */; };
		D5E1348D2574EADA00A2AEF5 /* ViewController.m in Sources */ = {isa = PBXBuildFile; fileRef = D5E1348C2574EADA00A2AEF5 /* ViewController.m */; };
		D5E134902574EADA00A2AEF5 /* Main.storyboard in Resources */ = {isa = PBXBuildFile; fileRef = D5E1348E2574EADA00A2AEF5 /* Main.storyboard */; };
		D5E134922574EADB00A2AEF5 /* Assets.xcassets in Resources */ = {isa = PBXBuildFile; fileRef = D5E134912574EADB00A2AEF5 /* Assets.xcassets */; };
		D5E134952574EADB00A2AEF5 /* LaunchScreen.storyboard in Resources */ = {isa = PBXBuildFile; fileRef = D5E134932574EADB00A2AEF5 /* LaunchScreen.storyboard */; };
		D5E134982574EADB00A2AEF5 /* main.m in Sources */ = {isa = PBXBuildFile; fileRef = D5E134972574EADB00A2AEF5 /* main.m */; };
		D5E134A22574EB3400A2AEF5 /* LITActivityIndicator.m in Sources */ = {isa = PBXBuildFile; fileRef = D5E134A02574EB3400A2AEF5 /* LITActivityIndicator.m */; };
		D5E134CD257561F300A2AEF5 /* LogoActivityIndicator@3.png in Resources */ = {isa = PBXBuildFile; fileRef = D5E134C0257561F200A2AEF5 /* LogoActivityIndicator@3.png */; };
		D5E134CE257561F300A2AEF5 /* LogoActivityIndicator.png in Resources */ = {isa = PBXBuildFile; fileRef = D5E134C1257561F200A2AEF5 /* LogoActivityIndicator.png */; };
		D5E134CF257561F300A2AEF5 /* Logo.png in Resources */ = {isa = PBXBuildFile; fileRef = D5E134C2257561F200A2AEF5 /* Logo.png */; };
		D5E134D0257561F300A2AEF5 /* ActivityIndicator.png in Resources */ = {isa = PBXBuildFile; fileRef = D5E134C3257561F200A2AEF5 /* ActivityIndicator.png */; };
		D5E134D1257561F300A2AEF5 /* ActivityIndicator@3.png in Resources */ = {isa = PBXBuildFile; fileRef = D5E134C4257561F200A2AEF5 /* ActivityIndicator@3.png */; };
		D5E134D2257561F300A2AEF5 /* Logo@2.png in Resources */ = {isa = PBXBuildFile; fileRef = D5E134C5257561F200A2AEF5 /* Logo@2.png */; };
		D5E134D3257561F300A2AEF5 /* LogoActivityIndicator3.png in Resources */ = {isa = PBXBuildFile; fileRef = D5E134C6257561F300A2AEF5 /* LogoActivityIndicator3.png */; };
		D5E134D4257561F300A2AEF5 /* LogoActivityIndicator2.png in Resources */ = {isa = PBXBuildFile; fileRef = D5E134C7257561F300A2AEF5 /* LogoActivityIndicator2.png */; };
		D5E134D5257561F300A2AEF5 /* Logo@3.png in Resources */ = {isa = PBXBuildFile; fileRef = D5E134C8257561F300A2AEF5 /* Logo@3.png */; };
		D5E134D6257561F300A2AEF5 /* LogoActivityIndicator@2.png in Resources */ = {isa = PBXBuildFile; fileRef = D5E134C9257561F300A2AEF5 /* LogoActivityIndicator@2.png */; };
		D5E134D7257561F300A2AEF5 /* ActivityIndicator@2.png in Resources */ = {isa = PBXBuildFile; fileRef = D5E134CA257561F300A2AEF5 /* ActivityIndicator@2.png */; };
		D5E134D8257561F300A2AEF5 /* Logo.afdesign in Resources */ = {isa = PBXBuildFile; fileRef = D5E134CB257561F300A2AEF5 /* Logo.afdesign */; };
/* End PBXBuildFile section */

/* Begin PBXFileReference section */
		D5E134822574EADA00A2AEF5 /* LITActivityIndicator.app */ = {isa = PBXFileReference; explicitFileType = wrapper.application; includeInIndex = 0; path = LITActivityIndicator.app; sourceTree = BUILT_PRODUCTS_DIR; };
		D5E134852574EADA00A2AEF5 /* AppDelegate.h */ = {isa = PBXFileReference; lastKnownFileType = sourcecode.c.h; path = AppDelegate.h; sourceTree = "<group>"; };
		D5E134862574EADA00A2AEF5 /* AppDelegate.m */ = {isa = PBXFileReference; lastKnownFileType = sourcecode.c.objc; path = AppDelegate.m; sourceTree = "<group>"; };
		D5E134882574EADA00A2AEF5 /* SceneDelegate.h */ = {isa = PBXFileReference; lastKnownFileType = sourcecode.c.h; path = SceneDelegate.h; sourceTree = "<group>"; };
		D5E134892574EADA00A2AEF5 /* SceneDelegate.m */ = {isa = PBXFileReference; lastKnownFileType = sourcecode.c.objc; path = SceneDelegate.m; sourceTree = "<group>"; };
		D5E1348B2574EADA00A2AEF5 /* ViewController.h */ = {isa = PBXFileReference; lastKnownFileType = sourcecode.c.h; path = ViewController.h; sourceTree = "<group>"; };
		D5E1348C2574EADA00A2AEF5 /* ViewController.m */ = {isa = PBXFileReference; lastKnownFileType = sourcecode.c.objc; path = ViewController.m; sourceTree = "<group>"; };
		D5E1348F2574EADA00A2AEF5 /* Base */ = {isa = PBXFileReference; lastKnownFileType = file.storyboard; name = Base; path = Base.lproj/Main.storyboard; sourceTree = "<group>"; };
		D5E134912574EADB00A2AEF5 /* Assets.xcassets */ = {isa = PBXFileReference; lastKnownFileType = folder.assetcatalog; path = Assets.xcassets; sourceTree = "<group>"; };
		D5E134942574EADB00A2AEF5 /* Base */ = {isa = PBXFileReference; lastKnownFileType = file.storyboard; name = Base; path = Base.lproj/LaunchScreen.storyboard; sourceTree = "<group>"; };
		D5E134962574EADB00A2AEF5 /* Info.plist */ = {isa = PBXFileReference; lastKnownFileType = text.plist.xml; path = Info.plist; sourceTree = "<group>"; };
		D5E134972574EADB00A2AEF5 /* main.m */ = {isa = PBXFileReference; lastKnownFileType = sourcecode.c.objc; path = main.m; sourceTree = "<group>"; };
		D5E134A02574EB3400A2AEF5 /* LITActivityIndicator.m */ = {isa = PBXFileReference; fileEncoding = 4; lastKnownFileType = sourcecode.c.objc; path = LITActivityIndicator.m; sourceTree = "<group>"; };
		D5E134A12574EB3400A2AEF5 /* LITActivityIndicator.h */ = {isa = PBXFileReference; fileEncoding = 4; lastKnownFileType = sourcecode.c.h; path = LITActivityIndicator.h; sourceTree = "<group>"; };
		D5E134A525751ECC00A2AEF5 /* ActivityIndicator.afdesign */ = {isa = PBXFileReference; lastKnownFileType = file; path = ActivityIndicator.afdesign; sourceTree = "<group>"; };
		D5E134C0257561F200A2AEF5 /* LogoActivityIndicator@3.png */ = {isa = PBXFileReference; lastKnownFileType = image.png; path = "LogoActivityIndicator@3.png"; sourceTree = "<group>"; };
		D5E134C1257561F200A2AEF5 /* LogoActivityIndicator.png */ = {isa = PBXFileReference; lastKnownFileType = image.png; path = LogoActivityIndicator.png; sourceTree = "<group>"; };
		D5E134C2257561F200A2AEF5 /* Logo.png */ = {isa = PBXFileReference; lastKnownFileType = image.png; path = Logo.png; sourceTree = "<group>"; };
		D5E134C3257561F200A2AEF5 /* ActivityIndicator.png */ = {isa = PBXFileReference; lastKnownFileType = image.png; path = ActivityIndicator.png; sourceTree = "<group>"; };
		D5E134C4257561F200A2AEF5 /* ActivityIndicator@3.png */ = {isa = PBXFileReference; lastKnownFileType = image.png; path = "ActivityIndicator@3.png"; sourceTree = "<group>"; };
		D5E134C5257561F200A2AEF5 /* Logo@2.png */ = {isa = PBXFileReference; lastKnownFileType = image.png; path = "Logo@2.png"; sourceTree = "<group>"; };
		D5E134C6257561F300A2AEF5 /* LogoActivityIndicator3.png */ = {isa = PBXFileReference; lastKnownFileType = image.png; path = LogoActivityIndicator3.png; sourceTree = "<group>"; };
		D5E134C7257561F300A2AEF5 /* LogoActivityIndicator2.png */ = {isa = PBXFileReference; lastKnownFileType = image.png; path = LogoActivityIndicator2.png; sourceTree = "<group>"; };
		D5E134C8257561F300A2AEF5 /* Logo@3.png */ = {isa = PBXFileReference; lastKnownFileType = image.png; path = "Logo@3.png"; sourceTree = "<group>"; };
		D5E134C9257561F300A2AEF5 /* LogoActivityIndicator@2.png */ = {isa = PBXFileReference; lastKnownFileType = image.png; path = "LogoActivityIndicator@2.png"; sourceTree = "<group>"; };
		D5E134CA257561F300A2AEF5 /* ActivityIndicator@2.png */ = {isa = PBXFileReference; lastKnownFileType = image.png; path = "ActivityIndicator@2.png"; sourceTree = "<group>"; };
		D5E134CB257561F300A2AEF5 /* Logo.afdesign */ = {isa = PBXFileReference; lastKnownFileType = file; path = Logo.afdesign; sourceTree = "<group>"; };
/* End PBXFileReference section */

/* Begin PBXFrameworksBuildPhase section */
		D5E1347F2574EADA00A2AEF5 /* Frameworks */ = {
			isa = PBXFrameworksBuildPhase;
			buildActionMask = 2147483647;
			files = (
			);
			runOnlyForDeploymentPostprocessing = 0;
		};
/* End PBXFrameworksBuildPhase section */

/* Begin PBXGroup section */
		D5E134792574EADA00A2AEF5 = {
			isa = PBXGroup;
			children = (
				D5E134842574EADA00A2AEF5 /* LITActivityIndicator */,
				D5E134832574EADA00A2AEF5 /* Products */,
			);
			sourceTree = "<group>";
		};
		D5E134832574EADA00A2AEF5 /* Products */ = {
			isa = PBXGroup;
			children = (
				D5E134822574EADA00A2AEF5 /* LITActivityIndicator.app */,
			);
			name = Products;
			sourceTree = "<group>";
		};
		D5E134842574EADA00A2AEF5 /* LITActivityIndicator */ = {
			isa = PBXGroup;
			children = (
				D5E1349F2574EAEC00A2AEF5 /* LITActivityIndicator */,
				D5E134852574EADA00A2AEF5 /* AppDelegate.h */,
				D5E134862574EADA00A2AEF5 /* AppDelegate.m */,
				D5E134882574EADA00A2AEF5 /* SceneDelegate.h */,
				D5E134892574EADA00A2AEF5 /* SceneDelegate.m */,
				D5E1348B2574EADA00A2AEF5 /* ViewController.h */,
				D5E1348C2574EADA00A2AEF5 /* ViewController.m */,
				D5E1348E2574EADA00A2AEF5 /* Main.storyboard */,
				D5E134912574EADB00A2AEF5 /* Assets.xcassets */,
				D5E134932574EADB00A2AEF5 /* LaunchScreen.storyboard */,
				D5E134962574EADB00A2AEF5 /* Info.plist */,
				D5E134972574EADB00A2AEF5 /* main.m */,
			);
			path = LITActivityIndicator;
			sourceTree = "<group>";
		};
		D5E1349F2574EAEC00A2AEF5 /* LITActivityIndicator */ = {
			isa = PBXGroup;
			children = (
				D5E134A72575609900A2AEF5 /* images */,
				D5E134A12574EB3400A2AEF5 /* LITActivityIndicator.h */,
				D5E134A02574EB3400A2AEF5 /* LITActivityIndicator.m */,
			);
			path = LITActivityIndicator;
			sourceTree = "<group>";
		};
		D5E134A72575609900A2AEF5 /* images */ = {
			isa = PBXGroup;
			children = (
				D5E134A525751ECC00A2AEF5 /* ActivityIndicator.afdesign */,
				D5E134C3257561F200A2AEF5 /* ActivityIndicator.png */,
				D5E134CA257561F300A2AEF5 /* ActivityIndicator@2.png */,
				D5E134C4257561F200A2AEF5 /* ActivityIndicator@3.png */,
				D5E134CB257561F300A2AEF5 /* Logo.afdesign */,
				D5E134C2257561F200A2AEF5 /* Logo.png */,
				D5E134C5257561F200A2AEF5 /* Logo@2.png */,
				D5E134C8257561F300A2AEF5 /* Logo@3.png */,
				D5E134C1257561F200A2AEF5 /* LogoActivityIndicator.png */,
				D5E134C9257561F300A2AEF5 /* LogoActivityIndicator@2.png */,
				D5E134C0257561F200A2AEF5 /* LogoActivityIndicator@3.png */,
				D5E134C7257561F300A2AEF5 /* LogoActivityIndicator2.png */,
				D5E134C6257561F300A2AEF5 /* LogoActivityIndicator3.png */,
			);
			path = images;
			sourceTree = "<group>";
		};
/* End PBXGroup section */

/* Begin PBXNativeTarget section */
		D5E134812574EADA00A2AEF5 /* LITActivityIndicator */ = {
			isa = PBXNativeTarget;
			buildConfigurationList = D5E1349B2574EADB00A2AEF5 /* Build configuration list for PBXNativeTarget "LITActivityIndicator" */;
			buildPhases = (
				D5E1347E2574EADA00A2AEF5 /* Sources */,
				D5E1347F2574EADA00A2AEF5 /* Frameworks */,
				D5E134802574EADA00A2AEF5 /* Resources */,
			);
			buildRules = (
			);
			dependencies = (
			);
			name = LITActivityIndicator;
			productName = LITActivityIndicator;
			productReference = D5E134822574EADA00A2AEF5 /* LITActivityIndicator.app */;
			productType = "com.apple.product-type.application";
		};
/* End PBXNativeTarget section */

/* Begin PBXProject section */
		D5E1347A2574EADA00A2AEF5 /* Project object */ = {
			isa = PBXProject;
			attributes = {
				LastUpgradeCheck = 1220;
				TargetAttributes = {
					D5E134812574EADA00A2AEF5 = {
						CreatedOnToolsVersion = 12.2;
					};
				};
			};
			buildConfigurationList = D5E1347D2574EADA00A2AEF5 /* Build configuration list for PBXProject "LITActivityIndicator" */;
			compatibilityVersion = "Xcode 9.3";
			developmentRegion = en;
			hasScannedForEncodings = 0;
			knownRegions = (
				en,
				Base,
			);
			mainGroup = D5E134792574EADA00A2AEF5;
			productRefGroup = D5E134832574EADA00A2AEF5 /* Products */;
			projectDirPath = "";
			projectRoot = "";
			targets = (
				D5E134812574EADA00A2AEF5 /* LITActivityIndicator */,
			);
		};
/* End PBXProject section */

/* Begin PBXResourcesBuildPhase section */
		D5E134802574EADA00A2AEF5 /* Resources */ = {
			isa = PBXResourcesBuildPhase;
			buildActionMask = 2147483647;
			files = (
				D5E134952574EADB00A2AEF5 /* LaunchScreen.storyboard in Resources */,
				D5E134D3257561F300A2AEF5 /* LogoActivityIndicator3.png in Resources */,
				D5E134D4257561F300A2AEF5 /* LogoActivityIndicator2.png in Resources */,
				D5E134CF257561F300A2AEF5 /* Logo.png in Resources */,
				D5E134D7257561F300A2AEF5 /* ActivityIndicator@2.png in Resources */,
				D5E134D5257561F300A2AEF5 /* Logo@3.png in Resources */,
				D5E134D0257561F300A2AEF5 /* ActivityIndicator.png in Resources */,
				D5E134CE257561F300A2AEF5 /* LogoActivityIndicator.png in Resources */,
				D5E134922574EADB00A2AEF5 /* Assets.xcassets in Resources */,
				D5E134902574EADA00A2AEF5 /* Main.storyboard in Resources */,
				D5E134D2257561F300A2AEF5 /* Logo@2.png in Resources */,
				D5E134D1257561F300A2AEF5 /* ActivityIndicator@3.png in Resources */,
				D5E134D6257561F300A2AEF5 /* LogoActivityIndicator@2.png in Resources */,
				D5E134D8257561F300A2AEF5 /* Logo.afdesign in Resources */,
				D5E134CD257561F300A2AEF5 /* LogoActivityIndicator@3.png in Resources */,
			);
			runOnlyForDeploymentPostprocessing = 0;
		};
/* End PBXResourcesBuildPhase section */

/* Begin PBXSourcesBuildPhase section */
		D5E1347E2574EADA00A2AEF5 /* Sources */ = {
			isa = PBXSourcesBuildPhase;
			buildActionMask = 2147483647;
			files = (
				D5E1348D2574EADA00A2AEF5 /* ViewController.m in Sources */,
				D5E134872574EADA00A2AEF5 /* AppDelegate.m in Sources */,
				D5E134982574EADB00A2AEF5 /* main.m in Sources */,
				D5E134A22574EB3400A2AEF5 /* LITActivityIndicator.m in Sources */,
				D5E1348A2574EADA00A2AEF5 /* SceneDelegate.m in Sources */,
			);
			runOnlyForDeploymentPostprocessing = 0;
		};
/* End PBXSourcesBuildPhase section */

/* Begin PBXVariantGroup section */
		D5E1348E2574EADA00A2AEF5 /* Main.storyboard */ = {
			isa = PBXVariantGroup;
			children = (
				D5E1348F2574EADA00A2AEF5 /* Base */,
			);
			name = Main.storyboard;
			sourceTree = "<group>";
		};
		D5E134932574EADB00A2AEF5 /* LaunchScreen.storyboard */ = {
			isa = PBXVariantGroup;
			children = (
				D5E134942574EADB00A2AEF5 /* Base */,
			);
			name = LaunchScreen.storyboard;
			sourceTree = "<group>";
		};
/* End PBXVariantGroup section */

/* Begin XCBuildConfiguration section */
		D5E134992574EADB00A2AEF5 /* Debug */ = {
			isa = XCBuildConfiguration;
			buildSettings = {
				ALWAYS_SEARCH_USER_PATHS = NO;
				CLANG_ANALYZER_NONNULL = YES;
				CLANG_ANALYZER_NUMBER_OBJECT_CONVERSION = YES_AGGRESSIVE;
				CLANG_CXX_LANGUAGE_STANDARD = "gnu++14";
				CLANG_CXX_LIBRARY = "libc++";
				CLANG_ENABLE_MODULES = YES;
				CLANG_ENABLE_OBJC_ARC = YES;
				CLANG_ENABLE_OBJC_WEAK = YES;
				CLANG_WARN_BLOCK_CAPTURE_AUTORELEASING = YES;
				CLANG_WARN_BOOL_CONVERSION = YES;
				CLANG_WARN_COMMA = YES;
				CLANG_WARN_CONSTANT_CONVERSION = YES;
				CLANG_WARN_DEPRECATED_OBJC_IMPLEMENTATIONS = YES;
				CLANG_WARN_DIRECT_OBJC_ISA_USAGE = YES_ERROR;
				CLANG_WARN_DOCUMENTATION_COMMENTS = YES;
				CLANG_WARN_EMPTY_BODY = YES;
				CLANG_WARN_ENUM_CONVERSION = YES;
				CLANG_WARN_INFINITE_RECURSION = YES;
				CLANG_WARN_INT_CONVERSION = YES;
				CLANG_WARN_NON_LITERAL_NULL_CONVERSION = YES;
				CLANG_WARN_OBJC_IMPLICIT_RETAIN_SELF = YES;
				CLANG_WARN_OBJC_LITERAL_CONVERSION = YES;
				CLANG_WARN_OBJC_ROOT_CLASS = YES_ERROR;
				CLANG_WARN_QUOTED_INCLUDE_IN_FRAMEWORK_HEADER = YES;
				CLANG_WARN_RANGE_LOOP_ANALYSIS = YES;
				CLANG_WARN_STRICT_PROTOTYPES = YES;
				CLANG_WARN_SUSPICIOUS_MOVE = YES;
				CLANG_WARN_UNGUARDED_AVAILABILITY = YES_AGGRESSIVE;
				CLANG_WARN_UNREACHABLE_CODE = YES;
				CLANG_WARN__DUPLICATE_METHOD_MATCH = YES;
				COPY_PHASE_STRIP = NO;
				DEBUG_INFORMATION_FORMAT = dwarf;
				ENABLE_STRICT_OBJC_MSGSEND = YES;
				ENABLE_TESTABILITY = YES;
				GCC_C_LANGUAGE_STANDARD = gnu11;
				GCC_DYNAMIC_NO_PIC = NO;
				GCC_NO_COMMON_BLOCKS = YES;
				GCC_OPTIMIZATION_LEVEL = 0;
				GCC_PREPROCESSOR_DEFINITIONS = (
					"DEBUG=1",
					"$(inherited)",
				);
				GCC_WARN_64_TO_32_BIT_CONVERSION = YES;
				GCC_WARN_ABOUT_RETURN_TYPE = YES_ERROR;
				GCC_WARN_UNDECLARED_SELECTOR = YES;
				GCC_WARN_UNINITIALIZED_AUTOS = YES_AGGRESSIVE;
				GCC_WARN_UNUSED_FUNCTION = YES;
				GCC_WARN_UNUSED_VARIABLE = YES;
				IPHONEOS_DEPLOYMENT_TARGET = 14.2;
				MTL_ENABLE_DEBUG_INFO = INCLUDE_SOURCE;
				MTL_FAST_MATH = YES;
				ONLY_ACTIVE_ARCH = YES;
				SDKROOT = iphoneos;
			};
			name = Debug;
		};
		D5E1349A2574EADB00A2AEF5 /* Release */ = {
			isa = XCBuildConfiguration;
			buildSettings = {
				ALWAYS_SEARCH_USER_PATHS = NO;
				CLANG_ANALYZER_NONNULL = YES;
				CLANG_ANALYZER_NUMBER_OBJECT_CONVERSION = YES_AGGRESSIVE;
				CLANG_CXX_LANGUAGE_STANDARD = "gnu++14";
				CLANG_CXX_LIBRARY = "libc++";
				CLANG_ENABLE_MODULES = YES;
				CLANG_ENABLE_OBJC_ARC = YES;
				CLANG_ENABLE_OBJC_WEAK = YES;
				CLANG_WARN_BLOCK_CAPTURE_AUTORELEASING = YES;
				CLANG_WARN_BOOL_CONVERSION = YES;
				CLANG_WARN_COMMA = YES;
				CLANG_WARN_CONSTANT_CONVERSION = YES;
				CLANG_WARN_DEPRECATED_OBJC_IMPLEMENTATIONS = YES;
				CLANG_WARN_DIRECT_OBJC_ISA_USAGE = YES_ERROR;
				CLANG_WARN_DOCUMENTATION_COMMENTS = YES;
				CLANG_WARN_EMPTY_BODY = YES;
				CLANG_WARN_ENUM_CONVERSION = YES;
				CLANG_WARN_INFINITE_RECURSION = YES;
				CLANG_WARN_INT_CONVERSION = YES;
				CLANG_WARN_NON_LITERAL_NULL_CONVERSION = YES;
				CLANG_WARN_OBJC_IMPLICIT_RETAIN_SELF = YES;
				CLANG_WARN_OBJC_LITERAL_CONVERSION = YES;
				CLANG_WARN_OBJC_ROOT_CLASS = YES_ERROR;
				CLANG_WARN_QUOTED_INCLUDE_IN_FRAMEWORK_HEADER = YES;
				CLANG_WARN_RANGE_LOOP_ANALYSIS = YES;
				CLANG_WARN_STRICT_PROTOTYPES = YES;
				CLANG_WARN_SUSPICIOUS_MOVE = YES;
				CLANG_WARN_UNGUARDED_AVAILABILITY = YES_AGGRESSIVE;
				CLANG_WARN_UNREACHABLE_CODE = YES;
				CLANG_WARN__DUPLICATE_METHOD_MATCH = YES;
				COPY_PHASE_STRIP = NO;
				DEBUG_INFORMATION_FORMAT = "dwarf-with-dsym";
				ENABLE_NS_ASSERTIONS = NO;
				ENABLE_STRICT_OBJC_MSGSEND = YES;
				GCC_C_LANGUAGE_STANDARD = gnu11;
				GCC_NO_COMMON_BLOCKS = YES;
				GCC_WARN_64_TO_32_BIT_CONVERSION = YES;
				GCC_WARN_ABOUT_RETURN_TYPE = YES_ERROR;
				GCC_WARN_UNDECLARED_SELECTOR = YES;
				GCC_WARN_UNINITIALIZED_AUTOS = YES_AGGRESSIVE;
				GCC_WARN_UNUSED_FUNCTION = YES;
				GCC_WARN_UNUSED_VARIABLE = YES;
				IPHONEOS_DEPLOYMENT_TARGET = 14.2;
				MTL_ENABLE_DEBUG_INFO = NO;
				MTL_FAST_MATH = YES;
				SDKROOT = iphoneos;
				VALIDATE_PRODUCT = YES;
			};
			name = Release;
		};
		D5E1349C2574EADB00A2AEF5 /* Debug */ = {
			isa = XCBuildConfiguration;
			buildSettings = {
				ASSETCATALOG_COMPILER_APPICON_NAME = AppIcon;
				ASSETCATALOG_COMPILER_GLOBAL_ACCENT_COLOR_NAME = AccentColor;
				CODE_SIGN_STYLE = Automatic;
				DEVELOPMENT_TEAM = 4U4A7JA4Z8;
				INFOPLIST_FILE = LITActivityIndicator/Info.plist;
				LD_RUNPATH_SEARCH_PATHS = (
					"$(inherited)",
					"@executable_path/Frameworks",
				);
				PRODUCT_BUNDLE_IDENTIFIER = com.mariastruve.LITActivityIndicator;
				PRODUCT_NAME = "$(TARGET_NAME)";
				TARGETED_DEVICE_FAMILY = "1,2";
			};
			name = Debug;
		};
		D5E1349D2574EADB00A2AEF5 /* Release */ = {
			isa = XCBuildConfiguration;
			buildSettings = {
				ASSETCATALOG_COMPILER_APPICON_NAME = AppIcon;
				ASSETCATALOG_COMPILER_GLOBAL_ACCENT_COLOR_NAME = AccentColor;
				CODE_SIGN_STYLE = Automatic;
				DEVELOPMENT_TEAM = 4U4A7JA4Z8;
				INFOPLIST_FILE = LITActivityIndicator/Info.plist;
				LD_RUNPATH_SEARCH_PATHS = (
					"$(inherited)",
					"@executable_path/Frameworks",
				);
				PRODUCT_BUNDLE_IDENTIFIER = com.mariastruve.LITActivityIndicator;
				PRODUCT_NAME = "$(TARGET_NAME)";
				TARGETED_DEVICE_FAMILY = "1,2";
			};
			name = Release;
		};
/* End XCBuildConfiguration section */

/* Begin XCConfigurationList section */
		D5E1347D2574EADA00A2AEF5 /* Build configuration list for PBXProject "LITActivityIndicator" */ = {
			isa = XCConfigurationList;
			buildConfigurations = (
				D5E134992574EADB00A2AEF5 /* Debug */,
				D5E1349A2574EADB00A2AEF5 /* Release */,
			);
			defaultConfigurationIsVisible = 0;
			defaultConfigurationName = Release;
		};
		D5E1349B2574EADB00A2AEF5 /* Build configuration list for PBXNativeTarget "LITActivityIndicator" */ = {
			isa = XCConfigurationList;
			buildConfigurations = (
				D5E1349C2574EADB00A2AEF5 /* Debug */,
				D5E1349D2574EADB00A2AEF5 /* Release */,
			);
			defaultConfigurationIsVisible = 0;
			defaultConfigurationName = Release;
		};
/* End XCConfigurationList section */
	};
	rootObject = D5E1347A2574EADA00A2AEF5 /* Project object */;
}
